
Microsoft Visual Studio Solution File, Format Version 12.00
# Visual Studio Version 16
VisualStudioVersion = 16.0.30204.135
MinimumVisualStudioVersion = 10.0.40219.1
Project("{FAE04EC0-301F-11D3-BF4B-00C04F79EFBC}") = "Calculator", "Calculator\Calculator.csproj", "{14290903-A403-4BF2-B9D2-A0D6CAA87766}"
EndProject
Global
	GlobalSection(SolutionConfigurationPlatforms) = preSolution
		Debug|Any CPU = Debug|Any CPU
		Release|Any CPU = Release|Any CPU
	EndGlobalSection
	GlobalSection(ProjectConfigurationPlatforms) = postSolution
		{14290903-A403-4BF2-B9D2-A0D6CAA87766}.Debug|Any CPU.ActiveCfg = Debug|Any CPU
		{14290903-A403-4BF2-B9D2-A0D6CAA87766}.Debug|Any CPU.Build.0 = Debug|Any CPU
		{14290903-A403-4BF2-B9D2-A0D6CAA87766}.Release|Any CPU.ActiveCfg = Release|Any CPU
		{14290903-A403-4BF2-B9D2-A0D6CAA87766}.Release|Any CPU.Build.0 = Release|Any CPU
	EndGlobalSection
	GlobalSection(SolutionProperties) = preSolution
		HideSolutionNode = FALSE
	EndGlobalSection
	GlobalSection(ExtensibilityGlobals) = postSolution
		SolutionGuid = {989E4D4A-9DC9-4EA1-B202-6D8A3332DBB0}
	EndGlobalSection
EndGlobal
